
Microsoft Visual Studio Solution File, Format Version 12.00
# Visual Studio Version 17
VisualStudioVersion = 17.5.33516.290
MinimumVisualStudioVersion = 10.0.40219.1
Project("{888888A0-9F3D-457C-B088-3A5042F75D52}") = "lab4", "lab4\lab4.pyproj", "{D28FF3D1-900E-4605-99C7-C78366F7B1A3}"
EndProject
Global
	GlobalSection(SolutionConfigurationPlatforms) = preSolution
		Debug|Any CPU = Debug|Any CPU
		Release|Any CPU = Release|Any CPU
	EndGlobalSection
	GlobalSection(ProjectConfigurationPlatforms) = postSolution
		{D28FF3D1-900E-4605-99C7-C78366F7B1A3}.Debug|Any CPU.ActiveCfg = Debug|Any CPU
		{D28FF3D1-900E-4605-99C7-C78366F7B1A3}.Release|Any CPU.ActiveCfg = Release|Any CPU
	EndGlobalSection
	GlobalSection(SolutionProperties) = preSolution
		HideSolutionNode = FALSE
	EndGlobalSection
	GlobalSection(ExtensibilityGlobals) = postSolution
		SolutionGuid = {000F2D76-5BF8-4710-9FC9-D16EDD2E7D39}
	EndGlobalSection
EndGlobal
