
Microsoft Visual Studio Solution File, Format Version 12.00
# Visual Studio Version 17
VisualStudioVersion = 17.5.33516.290
MinimumVisualStudioVersion = 10.0.40219.1
Project("{888888A0-9F3D-457C-B088-3A5042F75D52}") = "lab5", "lab5\lab5.pyproj", "{398D20BD-EBB5-4C7E-AEDE-B6A882B9F9D6}"
EndProject
Global
	GlobalSection(SolutionConfigurationPlatforms) = preSolution
		Debug|Any CPU = Debug|Any CPU
		Release|Any CPU = Release|Any CPU
	EndGlobalSection
	GlobalSection(ProjectConfigurationPlatforms) = postSolution
		{398D20BD-EBB5-4C7E-AEDE-B6A882B9F9D6}.Debug|Any CPU.ActiveCfg = Debug|Any CPU
		{398D20BD-EBB5-4C7E-AEDE-B6A882B9F9D6}.Release|Any CPU.ActiveCfg = Release|Any CPU
	EndGlobalSection
	GlobalSection(SolutionProperties) = preSolution
		HideSolutionNode = FALSE
	EndGlobalSection
	GlobalSection(ExtensibilityGlobals) = postSolution
		SolutionGuid = {86728F0C-9157-48C0-9723-A60EF7AB0932}
	EndGlobalSection
EndGlobal
